
Microsoft Visual Studio Solution File, Format Version 12.00
# Visual Studio Version 17
VisualStudioVersion = 17.9.34310.174
MinimumVisualStudioVersion = 10.0.40219.1
Project("{9A19103F-16F7-4668-BE54-9A1E7A4F7556}") = "ReactorData", "ReactorData\ReactorData.csproj", "{3406E76E-01DA-4C71-AAAD-A4A17B7DF8B5}"
EndProject
Project("{9A19103F-16F7-4668-BE54-9A1E7A4F7556}") = "ReactorData.Tests", "ReactorData.Tests\ReactorData.Tests.csproj", "{BF54BCFB-F026-4AE4-A4F3-2A6EC61E6200}"
EndProject
Project("{9A19103F-16F7-4668-BE54-9A1E7A4F7556}") = "ReactorData.EFCore", "ReactorData.EFCore\ReactorData.EFCore.csproj", "{C88DEE50-90D6-479D-BA43-6C4C7845EA75}"
EndProject
Project("{9A19103F-16F7-4668-BE54-9A1E7A4F7556}") = "ReactorData.Sqlite", "ReactorData.Sqlite\ReactorData.Sqlite.csproj", "{9E3E4008-BBFB-400F-B86D-FCE47D854B8A}"
EndProject
Project("{FAE04EC0-301F-11D3-BF4B-00C04F79EFBC}") = "ReactorData.SourceGenerators", "ReactorData.SourceGenerators\ReactorData.SourceGenerators.csproj", "{E2F648A0-8E73-4CE8-99B7-2AF62424DD5F}"
EndProject
Global
	GlobalSection(SolutionConfigurationPlatforms) = preSolution
		Debug|Any CPU = Debug|Any CPU
		Release|Any CPU = Release|Any CPU
	EndGlobalSection
	GlobalSection(ProjectConfigurationPlatforms) = postSolution
		{3406E76E-01DA-4C71-AAAD-A4A17B7DF8B5}.Debug|Any CPU.ActiveCfg = Debug|Any CPU
		{3406E76E-01DA-4C71-AAAD-A4A17B7DF8B5}.Debug|Any CPU.Build.0 = Debug|Any CPU
		{3406E76E-01DA-4C71-AAAD-A4A17B7DF8B5}.Release|Any CPU.ActiveCfg = Release|Any CPU
		{3406E76E-01DA-4C71-AAAD-A4A17B7DF8B5}.Release|Any CPU.Build.0 = Release|Any CPU
		{BF54BCFB-F026-4AE4-A4F3-2A6EC61E6200}.Debug|Any CPU.ActiveCfg = Debug|Any CPU
		{BF54BCFB-F026-4AE4-A4F3-2A6EC61E6200}.Debug|Any CPU.Build.0 = Debug|Any CPU
		{BF54BCFB-F026-4AE4-A4F3-2A6EC61E6200}.Release|Any CPU.ActiveCfg = Release|Any CPU
		{BF54BCFB-F026-4AE4-A4F3-2A6EC61E6200}.Release|Any CPU.Build.0 = Release|Any CPU
		{C88DEE50-90D6-479D-BA43-6C4C7845EA75}.Debug|Any CPU.ActiveCfg = Debug|Any CPU
		{C88DEE50-90D6-479D-BA43-6C4C7845EA75}.Debug|Any CPU.Build.0 = Debug|Any CPU
		{C88DEE50-90D6-479D-BA43-6C4C7845EA75}.Release|Any CPU.ActiveCfg = Release|Any CPU
		{C88DEE50-90D6-479D-BA43-6C4C7845EA75}.Release|Any CPU.Build.0 = Release|Any CPU
		{9E3E4008-BBFB-400F-B86D-FCE47D854B8A}.Debug|Any CPU.ActiveCfg = Debug|Any CPU
		{9E3E4008-BBFB-400F-B86D-FCE47D854B8A}.Debug|Any CPU.Build.0 = Debug|Any CPU
		{9E3E4008-BBFB-400F-B86D-FCE47D854B8A}.Release|Any CPU.ActiveCfg = Release|Any CPU
		{9E3E4008-BBFB-400F-B86D-FCE47D854B8A}.Release|Any CPU.Build.0 = Release|Any CPU
		{E2F648A0-8E73-4CE8-99B7-2AF62424DD5F}.Debug|Any CPU.ActiveCfg = Debug|Any CPU
		{E2F648A0-8E73-4CE8-99B7-2AF62424DD5F}.Debug|Any CPU.Build.0 = Debug|Any CPU
		{E2F648A0-8E73-4CE8-99B7-2AF62424DD5F}.Release|Any CPU.ActiveCfg = Release|Any CPU
		{E2F648A0-8E73-4CE8-99B7-2AF62424DD5F}.Release|Any CPU.Build.0 = Release|Any CPU
	EndGlobalSection
	GlobalSection(SolutionProperties) = preSolution
		HideSolutionNode = FALSE
	EndGlobalSection
	GlobalSection(ExtensibilityGlobals) = postSolution
		SolutionGuid = {0928D8AE-CF56-4E21-8A42-30B95B7E511A}
	EndGlobalSection
EndGlobal
